Microsoft Visual Studio Solution File, Format Version 12.00
# Visual Studio Version 17
VisualStudioVersion = 17.9.34728.123
MinimumVisualStudioVersion = 10.0.40219.1
Project("{FAE04EC0-301F-11D3-BF4B-00C04F79EFBC}") = "SimpleOCR", "SimpleOCR.csproj", "{632F936E-1C99-4F1A-98A5-F541C4BF3F21}"
EndProject
Global
	GlobalSection(SolutionConfigurationPlatforms) = preSolution
		Debug|x64 = Debug|x64
		Release|x64 = Release|x64
	EndGlobalSection
	GlobalSection(ProjectConfigurationPlatforms) = postSolution
		{632F936E-1C99-4F1A-98A5-F541C4BF3F21}.Debug|x64.ActiveCfg = Debug|x64
		{632F936E-1C99-4F1A-98A5-F541C4BF3F21}.Debug|x64.Build.0 = Debug|x64
		{632F936E-1C99-4F1A-98A5-F541C4BF3F21}.Release|x64.ActiveCfg = Release|x64
		{632F936E-1C99-4F1A-98A5-F541C4BF3F21}.Release|x64.Build.0 = Release|x64
	EndGlobalSection
	GlobalSection(SolutionProperties) = preSolution
		HideSolutionNode = FALSE
	EndGlobalSection
EndGlobal
